Microsoft Visual Studio Solution File, Format Version 12.00
# Visual Studio Version 17
VisualStudioVersion = 17.8.34330.188
MinimumVisualStudioVersion = 10.0.40219.1
Project("{FAE04EC0-301F-11D3-BF4B-00C04F79EFBC}") = "AutoStart", "AutoStart.csproj", "{8110BA9A-DAD3-4D55-A6A1-E782C3A7CD0F}"
EndProject
Global
	GlobalSection(SolutionConfigurationPlatforms) = preSolution
		Debug|Any CPU = Debug|Any CPU
		Release|Any CPU = Release|Any CPU
	EndGlobalSection
	GlobalSection(ProjectConfigurationPlatforms) = postSolution
		{8110BA9A-DAD3-4D55-A6A1-E782C3A7CD0F}.Debug|Any CPU.ActiveCfg = Debug|Any CPU
		{8110BA9A-DAD3-4D55-A6A1-E782C3A7CD0F}.Debug|Any CPU.Build.0 = Debug|Any CPU
		{8110BA9A-DAD3-4D55-A6A1-E782C3A7CD0F}.Release|Any CPU.ActiveCfg = Release|Any CPU
		{8110BA9A-DAD3-4D55-A6A1-E782C3A7CD0F}.Release|Any CPU.Build.0 = Release|Any CPU
	EndGlobalSection
	GlobalSection(SolutionProperties) = preSolution
		HideSolutionNode = FALSE
	EndGlobalSection
	GlobalSection(ExtensibilityGlobals) = postSolution
		SolutionGuid = {2ED165FB-978F-4ADB-8708-9BEC7BA0B803}
	EndGlobalSection
EndGlobal
